
Microsoft Visual Studio Solution File, Format Version 12.00
# Visual Studio Version 17
VisualStudioVersion = 17.7.34221.43
MinimumVisualStudioVersion = 10.0.40219.1
Project("{FAE04EC0-301F-11D3-BF4B-00C04F79EFBC}") = "ControleFinanceiro.API", "ControleFinanceiro.API\ControleFinanceiro.API.csproj", "{68ACA830-4264-4B44-8F93-CC5C9AC012B5}"
EndProject
Project("{FAE04EC0-301F-11D3-BF4B-00C04F79EFBC}") = "ControleFinanceiro.Domain", "ControleFinanceiro.Domain\ControleFinanceiro.Domain.csproj", "{EB49E9C2-9438-4147-A1EB-E438F89B793C}"
EndProject
Project("{FAE04EC0-301F-11D3-BF4B-00C04F79EFBC}") = "ControleFinanceiro.Application", "ControleFinanceiro.Application\ControleFinanceiro.Application.csproj", "{6F7846A7-629D-4501-97CB-239765B4AB82}"
EndProject
Project("{FAE04EC0-301F-11D3-BF4B-00C04F79EFBC}") = "ControleFinanceiro.Infrastructure", "ControleFinanceiro.Infrastructure\ControleFinanceiro.Infrastructure.csproj", "{FAF4FB09-9BC4-43FA-8CFD-E28893644976}"
EndProject
Project("{FAE04EC0-301F-11D3-BF4B-00C04F79EFBC}") = "ControleFinanceiro.Test", "ControleFinanceiro.Test\ControleFinanceiro.Test.csproj", "{B5C6FD34-0BBA-40F3-BCBA-9E029934ADDE}"
EndProject
Global
	GlobalSection(SolutionConfigurationPlatforms) = preSolution
		Debug|Any CPU = Debug|Any CPU
		Release|Any CPU = Release|Any CPU
	EndGlobalSection
	GlobalSection(ProjectConfigurationPlatforms) = postSolution
		{68ACA830-4264-4B44-8F93-CC5C9AC012B5}.Debug|Any CPU.ActiveCfg = Debug|Any CPU
		{68ACA830-4264-4B44-8F93-CC5C9AC012B5}.Debug|Any CPU.Build.0 = Debug|Any CPU
		{68ACA830-4264-4B44-8F93-CC5C9AC012B5}.Release|Any CPU.ActiveCfg = Release|Any CPU
		{68ACA830-4264-4B44-8F93-CC5C9AC012B5}.Release|Any CPU.Build.0 = Release|Any CPU
		{EB49E9C2-9438-4147-A1EB-E438F89B793C}.Debug|Any CPU.ActiveCfg = Debug|Any CPU
		{EB49E9C2-9438-4147-A1EB-E438F89B793C}.Debug|Any CPU.Build.0 = Debug|Any CPU
		{EB49E9C2-9438-4147-A1EB-E438F89B793C}.Release|Any CPU.ActiveCfg = Release|Any CPU
		{EB49E9C2-9438-4147-A1EB-E438F89B793C}.Release|Any CPU.Build.0 = Release|Any CPU
		{6F7846A7-629D-4501-97CB-239765B4AB82}.Debug|Any CPU.ActiveCfg = Debug|Any CPU
		{6F7846A7-629D-4501-97CB-239765B4AB82}.Debug|Any CPU.Build.0 = Debug|Any CPU
		{6F7846A7-629D-4501-97CB-239765B4AB82}.Release|Any CPU.ActiveCfg = Release|Any CPU
		{6F7846A7-629D-4501-97CB-239765B4AB82}.Release|Any CPU.Build.0 = Release|Any CPU
		{FAF4FB09-9BC4-43FA-8CFD-E28893644976}.Debug|Any CPU.ActiveCfg = Debug|Any CPU
		{FAF4FB09-9BC4-43FA-8CFD-E28893644976}.Debug|Any CPU.Build.0 = Debug|Any CPU
		{FAF4FB09-9BC4-43FA-8CFD-E28893644976}.Release|Any CPU.ActiveCfg = Release|Any CPU
		{FAF4FB09-9BC4-43FA-8CFD-E28893644976}.Release|Any CPU.Build.0 = Release|Any CPU
		{B5C6FD34-0BBA-40F3-BCBA-9E029934ADDE}.Debug|Any CPU.ActiveCfg = Debug|Any CPU
		{B5C6FD34-0BBA-40F3-BCBA-9E029934ADDE}.Debug|Any CPU.Build.0 = Debug|Any CPU
		{B5C6FD34-0BBA-40F3-BCBA-9E029934ADDE}.Release|Any CPU.ActiveCfg = Release|Any CPU
		{B5C6FD34-0BBA-40F3-BCBA-9E029934ADDE}.Release|Any CPU.Build.0 = Release|Any CPU
	EndGlobalSection
	GlobalSection(SolutionProperties) = preSolution
		HideSolutionNode = FALSE
	EndGlobalSection
	GlobalSection(ExtensibilityGlobals) = postSolution
		SolutionGuid = {A93B8C8C-D00C-4FA3-9E13-685D2712A3EF}
	EndGlobalSection
EndGlobal
